
Microsoft Visual Studio Solution File, Format Version 12.00
# Visual Studio Version 17
VisualStudioVersion = 17.7.34031.279
MinimumVisualStudioVersion = 10.0.40219.1
Project("{8BC9CEB8-8B4A-11D0-8D11-00A0C91BC942}") = "Kuleshov_ProjPrac_sem3", "Kuleshov_ProjPrac_sem3\Kuleshov_ProjPrac_sem3.vcxproj", "{BA8375D0-C468-47F3-B5A5-0DDF4AA16283}"
EndProject
Global
	GlobalSection(SolutionConfigurationPlatforms) = preSolution
		Debug|x64 = Debug|x64
		Debug|x86 = Debug|x86
		Release|x64 = Release|x64
		Release|x86 = Release|x86
	EndGlobalSection
	GlobalSection(ProjectConfigurationPlatforms) = postSolution
		{BA8375D0-C468-47F3-B5A5-0DDF4AA16283}.Debug|x64.ActiveCfg = Debug|x64
		{BA8375D0-C468-47F3-B5A5-0DDF4AA16283}.Debug|x64.Build.0 = Debug|x64
		{BA8375D0-C468-47F3-B5A5-0DDF4AA16283}.Debug|x86.ActiveCfg = Debug|Win32
		{BA8375D0-C468-47F3-B5A5-0DDF4AA16283}.Debug|x86.Build.0 = Debug|Win32
		{BA8375D0-C468-47F3-B5A5-0DDF4AA16283}.Release|x64.ActiveCfg = Release|x64
		{BA8375D0-C468-47F3-B5A5-0DDF4AA16283}.Release|x64.Build.0 = Release|x64
		{BA8375D0-C468-47F3-B5A5-0DDF4AA16283}.Release|x86.ActiveCfg = Release|Win32
		{BA8375D0-C468-47F3-B5A5-0DDF4AA16283}.Release|x86.Build.0 = Release|Win32
	EndGlobalSection
	GlobalSection(SolutionProperties) = preSolution
		HideSolutionNode = FALSE
	EndGlobalSection
	GlobalSection(ExtensibilityGlobals) = postSolution
		SolutionGuid = {A7E239AD-10A5-46AF-89C4-8B9879AF498C}
	EndGlobalSection
EndGlobal
