
Microsoft Visual Studio Solution File, Format Version 12.00
# Visual Studio Version 17
VisualStudioVersion = 17.3.32825.248
MinimumVisualStudioVersion = 10.0.40219.1
Project("{2150E333-8FDC-42A3-9474-1A3956D46DE8}") = "new_tutorial_2022", "new_tutorial_2022", "{D6F4E039-BB83-4F02-AFF4-6442C8B128C7}"
EndProject
Project("{39E2626F-3545-4960-A6E8-258AD8476CE5}") = "new_tutorial_2022.Packaging", "new_tutorial_2022.Packaging\new_tutorial_2022.Packaging.androidproj", "{101A803F-FE92-4531-BFE8-5F221F3E0DF6}"
EndProject
Project("{8BC9CEB8-8B4A-11D0-8D11-00A0C91BC942}") = "new_tutorial_2022.NativeActivity", "new_tutorial_2022.NativeActivity\new_tutorial_2022.NativeActivity.vcxproj", "{ABB4035E-21A7-4D0A-BC13-46D43C45F18B}"
EndProject
Global
	GlobalSection(SolutionConfigurationPlatforms) = preSolution
		Debug|ARM = Debug|ARM
		Debug|ARM64 = Debug|ARM64
		Debug|x64 = Debug|x64
		Debug|x86 = Debug|x86
		Release|ARM = Release|ARM
		Release|ARM64 = Release|ARM64
		Release|x64 = Release|x64
		Release|x86 = Release|x86
	EndGlobalSection
	GlobalSection(ProjectConfigurationPlatforms) = postSolution
		{101A803F-FE92-4531-BFE8-5F221F3E0DF6}.Debug|ARM.ActiveCfg = Debug|ARM
		{101A803F-FE92-4531-BFE8-5F221F3E0DF6}.Debug|ARM.Build.0 = Debug|ARM
		{101A803F-FE92-4531-BFE8-5F221F3E0DF6}.Debug|ARM.Deploy.0 = Debug|ARM
		{101A803F-FE92-4531-BFE8-5F221F3E0DF6}.Debug|ARM64.ActiveCfg = Debug|ARM64
		{101A803F-FE92-4531-BFE8-5F221F3E0DF6}.Debug|ARM64.Build.0 = Debug|ARM64
		{101A803F-FE92-4531-BFE8-5F221F3E0DF6}.Debug|ARM64.Deploy.0 = Debug|ARM64
		{101A803F-FE92-4531-BFE8-5F221F3E0DF6}.Debug|x64.ActiveCfg = Debug|x64
		{101A803F-FE92-4531-BFE8-5F221F3E0DF6}.Debug|x64.Build.0 = Debug|x64
		{101A803F-FE92-4531-BFE8-5F221F3E0DF6}.Debug|x64.Deploy.0 = Debug|x64
		{101A803F-FE92-4531-BFE8-5F221F3E0DF6}.Debug|x86.ActiveCfg = Debug|x86
		{101A803F-FE92-4531-BFE8-5F221F3E0DF6}.Debug|x86.Build.0 = Debug|x86
		{101A803F-FE92-4531-BFE8-5F221F3E0DF6}.Debug|x86.Deploy.0 = Debug|x86
		{101A803F-FE92-4531-BFE8-5F221F3E0DF6}.Release|ARM.ActiveCfg = Release|ARM
		{101A803F-FE92-4531-BFE8-5F221F3E0DF6}.Release|ARM.Build.0 = Release|ARM
		{101A803F-FE92-4531-BFE8-5F221F3E0DF6}.Release|ARM.Deploy.0 = Release|ARM
		{101A803F-FE92-4531-BFE8-5F221F3E0DF6}.Release|ARM64.ActiveCfg = Release|ARM64
		{101A803F-FE92-4531-BFE8-5F221F3E0DF6}.Release|ARM64.Build.0 = Release|ARM64
		{101A803F-FE92-4531-BFE8-5F221F3E0DF6}.Release|ARM64.Deploy.0 = Release|ARM64
		{101A803F-FE92-4531-BFE8-5F221F3E0DF6}.Release|x64.ActiveCfg = Release|x64
		{101A803F-FE92-4531-BFE8-5F221F3E0DF6}.Release|x64.Build.0 = Release|x64
		{101A803F-FE92-4531-BFE8-5F221F3E0DF6}.Release|x64.Deploy.0 = Release|x64
		{101A803F-FE92-4531-BFE8-5F221F3E0DF6}.Release|x86.ActiveCfg = Release|x86
		{101A803F-FE92-4531-BFE8-5F221F3E0DF6}.Release|x86.Build.0 = Release|x86
		{101A803F-FE92-4531-BFE8-5F221F3E0DF6}.Release|x86.Deploy.0 = Release|x86
		{ABB4035E-21A7-4D0A-BC13-46D43C45F18B}.Debug|ARM.ActiveCfg = Debug|ARM
		{ABB4035E-21A7-4D0A-BC13-46D43C45F18B}.Debug|ARM.Build.0 = Debug|ARM
		{ABB4035E-21A7-4D0A-BC13-46D43C45F18B}.Debug|ARM64.ActiveCfg = Debug|ARM64
		{ABB4035E-21A7-4D0A-BC13-46D43C45F18B}.Debug|ARM64.Build.0 = Debug|ARM64
		{ABB4035E-21A7-4D0A-BC13-46D43C45F18B}.Debug|x64.ActiveCfg = Debug|x64
		{ABB4035E-21A7-4D0A-BC13-46D43C45F18B}.Debug|x64.Build.0 = Debug|x64
		{ABB4035E-21A7-4D0A-BC13-46D43C45F18B}.Debug|x86.ActiveCfg = Debug|x86
		{ABB4035E-21A7-4D0A-BC13-46D43C45F18B}.Debug|x86.Build.0 = Debug|x86
		{ABB4035E-21A7-4D0A-BC13-46D43C45F18B}.Release|ARM.ActiveCfg = Release|ARM
		{ABB4035E-21A7-4D0A-BC13-46D43C45F18B}.Release|ARM.Build.0 = Release|ARM
		{ABB4035E-21A7-4D0A-BC13-46D43C45F18B}.Release|ARM64.ActiveCfg = Release|ARM64
		{ABB4035E-21A7-4D0A-BC13-46D43C45F18B}.Release|ARM64.Build.0 = Release|ARM64
		{ABB4035E-21A7-4D0A-BC13-46D43C45F18B}.Release|x64.ActiveCfg = Release|x64
		{ABB4035E-21A7-4D0A-BC13-46D43C45F18B}.Release|x64.Build.0 = Release|x64
		{ABB4035E-21A7-4D0A-BC13-46D43C45F18B}.Release|x86.ActiveCfg = Release|x86
		{ABB4035E-21A7-4D0A-BC13-46D43C45F18B}.Release|x86.Build.0 = Release|x86
	EndGlobalSection
	GlobalSection(SolutionProperties) = preSolution
		HideSolutionNode = FALSE
	EndGlobalSection
	GlobalSection(NestedProjects) = preSolution
		{101A803F-FE92-4531-BFE8-5F221F3E0DF6} = {D6F4E039-BB83-4F02-AFF4-6442C8B128C7}
		{ABB4035E-21A7-4D0A-BC13-46D43C45F18B} = {D6F4E039-BB83-4F02-AFF4-6442C8B128C7}
	EndGlobalSection
	GlobalSection(ExtensibilityGlobals) = postSolution
		SolutionGuid = {4EFFA807-5307-4ACD-92DD-204AA0CD3ABE}
	EndGlobalSection
EndGlobal
