
Microsoft Visual Studio Solution File, Format Version 12.00
# Visual Studio Version 17
VisualStudioVersion = 17.3.32825.248
MinimumVisualStudioVersion = 10.0.40219.1
Project("{FAE04EC0-301F-11D3-BF4B-00C04F79EFBC}") = "LAba9", "LAba9.csproj", "{EE2ED9F8-1A4C-48C7-A127-22192C76386F}"
EndProject
Global
	GlobalSection(SolutionConfigurationPlatforms) = preSolution
		Debug|Any CPU = Debug|Any CPU
		Release|Any CPU = Release|Any CPU
	EndGlobalSection
	GlobalSection(ProjectConfigurationPlatforms) = postSolution
		{EE2ED9F8-1A4C-48C7-A127-22192C76386F}.Debug|Any CPU.ActiveCfg = Debug|Any CPU
		{EE2ED9F8-1A4C-48C7-A127-22192C76386F}.Debug|Any CPU.Build.0 = Debug|Any CPU
		{EE2ED9F8-1A4C-48C7-A127-22192C76386F}.Release|Any CPU.ActiveCfg = Release|Any CPU
		{EE2ED9F8-1A4C-48C7-A127-22192C76386F}.Release|Any CPU.Build.0 = Release|Any CPU
	EndGlobalSection
	GlobalSection(SolutionProperties) = preSolution
		HideSolutionNode = FALSE
	EndGlobalSection
	GlobalSection(ExtensibilityGlobals) = postSolution
		SolutionGuid = {2DCC632D-D3F6-4772-8423-18E513145EE2}
	EndGlobalSection
EndGlobal
