
Microsoft Visual Studio Solution File, Format Version 12.00
# Visual Studio Version 17
VisualStudioVersion = 17.6.33815.320
MinimumVisualStudioVersion = 10.0.40219.1
Project("{FAE04EC0-301F-11D3-BF4B-00C04F79EFBC}") = "DLL Borisov", "DLL Borisov\DLL Borisov.csproj", "{0D957555-3BFA-4B73-8AE4-232838334DCA}"
EndProject
Global
	GlobalSection(SolutionConfigurationPlatforms) = preSolution
		Debug|Any CPU = Debug|Any CPU
		Release|Any CPU = Release|Any CPU
	EndGlobalSection
	GlobalSection(ProjectConfigurationPlatforms) = postSolution
		{0D957555-3BFA-4B73-8AE4-232838334DCA}.Debug|Any CPU.ActiveCfg = Debug|Any CPU
		{0D957555-3BFA-4B73-8AE4-232838334DCA}.Debug|Any CPU.Build.0 = Debug|Any CPU
		{0D957555-3BFA-4B73-8AE4-232838334DCA}.Release|Any CPU.ActiveCfg = Release|Any CPU
		{0D957555-3BFA-4B73-8AE4-232838334DCA}.Release|Any CPU.Build.0 = Release|Any CPU
	EndGlobalSection
	GlobalSection(SolutionProperties) = preSolution
		HideSolutionNode = FALSE
	EndGlobalSection
	GlobalSection(ExtensibilityGlobals) = postSolution
		SolutionGuid = {7020099F-682B-4EDE-95DE-4D40B17EC2A5}
	EndGlobalSection
EndGlobal
